Microsoft Visual Studio Solution File, Format Version 12.00
# Visual Studio Version 17
VisualStudioVersion = 17.5.2.0
MinimumVisualStudioVersion = 10.0.40219.1
Project("{FAE04EC0-301F-11D3-BF4B-00C04F79EFBC}") = "atividade_08_04_2025", "atividade_08_04_2025.csproj", "{23B2607E-26C9-966E-0B1E-74405A307269}"
EndProject
Global
	GlobalSection(SolutionConfigurationPlatforms) = preSolution
		Debug|Any CPU = Debug|Any CPU
		Release|Any CPU = Release|Any CPU
	EndGlobalSection
	GlobalSection(ProjectConfigurationPlatforms) = postSolution
		{23B2607E-26C9-966E-0B1E-74405A307269}.Debug|Any CPU.ActiveCfg = Debug|Any CPU
		{23B2607E-26C9-966E-0B1E-74405A307269}.Debug|Any CPU.Build.0 = Debug|Any CPU
		{23B2607E-26C9-966E-0B1E-74405A307269}.Release|Any CPU.ActiveCfg = Release|Any CPU
		{23B2607E-26C9-966E-0B1E-74405A307269}.Release|Any CPU.Build.0 = Release|Any CPU
	EndGlobalSection
	GlobalSection(SolutionProperties) = preSolution
		HideSolutionNode = FALSE
	EndGlobalSection
	GlobalSection(ExtensibilityGlobals) = postSolution
		SolutionGuid = {79BAF83F-5D66-4403-82C2-C954987613C6}
	EndGlobalSection
EndGlobal
